
Microsoft Visual Studio Solution File, Format Version 12.00
# Visual Studio Version 17
VisualStudioVersion = 17.11.35303.130
MinimumVisualStudioVersion = 10.0.40219.1
Project("{FAE04EC0-301F-11D3-BF4B-00C04F79EFBC}") = "MyProject", "MyProject.csproj", "{4908C000-E6D2-4746-8AD0-C1A9092AA23C}"
EndProject
Global
	GlobalSection(SolutionConfigurationPlatforms) = preSolution
		Debug|Any CPU = Debug|Any CPU
		Release|Any CPU = Release|Any CPU
	EndGlobalSection
	GlobalSection(ProjectConfigurationPlatforms) = postSolution
		{4908C000-E6D2-4746-8AD0-C1A9092AA23C}.Debug|Any CPU.ActiveCfg = Debug|Any CPU
		{4908C000-E6D2-4746-8AD0-C1A9092AA23C}.Debug|Any CPU.Build.0 = Debug|Any CPU
		{4908C000-E6D2-4746-8AD0-C1A9092AA23C}.Release|Any CPU.ActiveCfg = Release|Any CPU
		{4908C000-E6D2-4746-8AD0-C1A9092AA23C}.Release|Any CPU.Build.0 = Release|Any CPU
	EndGlobalSection
	GlobalSection(SolutionProperties) = preSolution
		HideSolutionNode = FALSE
	EndGlobalSection
	GlobalSection(ExtensibilityGlobals) = postSolution
		SolutionGuid = {1F422D72-E4FF-4BC5-96F9-D858CF6E1CFD}
	EndGlobalSection
EndGlobal
